# THIS IS AN AUTOGENERATED FILE. DO NOT EDIT THIS FILE DIRECTLY.
# yarn lockfile v1


mobx-state-tree@3.14.0:
  version "3.14.0"
  resolved "https://registry.yarnpkg.com/mobx-state-tree/-/mobx-state-tree-3.14.0.tgz#8611051b93a71439db161b8ec855870cfd7e678d"
  integrity sha512-obQ+LPCff4LqX86ghQpYIVAtCmps7ewCxIds/EmSxBULj9+7Qs2v4YEbvUeWymp/Sj3dPcvDjIMMdIRz6sUE5Q==

mobx@5.10.1:
  version "5.10.1"
  resolved "https://registry.yarnpkg.com/mobx/-/mobx-5.10.1.tgz#eb0e2ff76fe376d0a42c941533260deeae5956d8"
  integrity sha512-L+akEGxdkKYssejgW9ayRPx5cZYJfxvTmdBUeR3S9oeumScV7Jj57yPeh9WMEk6NWeG8Wx3H0cWhqs0pftbtmg==

typescript@3.5.2:
  version "3.5.2"
  resolved "https://registry.yarnpkg.com/typescript/-/typescript-3.5.2.tgz#a09e1dc69bc9551cadf17dba10ee42cf55e5d56c"
  integrity sha512-7KxJovlYhTX5RaRbUdkAXN1KUZ8PwWlTzQdHV6xNqvuFOs7+WBo10TQUqT19Q/Jz2hk5v9TQDIhyLhhJY4p5AA==
